// !$*UTF8*$!
{
	archiveVersion = 1;
	classes = {
	};
	objectVersion = 50;
	objects = {

/* Begin PBXBuildFile section */
		3B5F3DDB2629ED1600B71867 /* AppDelegate.swift in Sources */ = {isa = PBXBuildFile; fileRef = 3B5F3DDA2629ED1600B71867 /* AppDelegate.swift */; };
		3B5F3DDD2629ED1600B71867 /* SceneDelegate.swift in Sources */ = {isa = PBXBuildFile; fileRef = 3B5F3DDC2629ED1600B71867 /* SceneDelegate.swift */; };
		3B5F3DDF2629ED1600B71867 /* ViewController.swift in Sources */ = {isa = PBXBuildFile; fileRef = 3B5F3DDE2629ED1600B71867 /* ViewController.swift */; };
		3B5F3DE22629ED1600B71867 /* Main.storyboard in Resources */ = {isa = PBXBuildFile; fileRef = 3B5F3DE02629ED1600B71867 /* Main.storyboard */; };
		3B5F3DE42629ED1700B71867 /* Assets.xcassets in Resources */ = {isa = PBXBuildFile; fileRef = 3B5F3DE32629ED1700B71867 /* Assets.xcassets */; };
		3B5F3DE72629ED1700B71867 /* LaunchScreen.storyboard in Resources */ = {isa = PBXBuildFile; fileRef = 3B5F3DE52629ED1700B71867 /* LaunchScreen.storyboard */; };
		B3E073D6262C655800E28467 /* SettingsTableViewController.swift in Sources */ = {isa = PBXBuildFile; fileRef = B3E073D5262C655800E28467 /* SettingsTableViewController.swift */; };
		B3E073DB262C6AC000E28467 /* Setting.swift in Sources */ = {isa = PBXBuildFile; fileRef = B3E073DA262C6AC000E28467 /* Setting.swift */; };
		B3E073DE262C6B1A00E28467 /* SettingsManager.swift in Sources */ = {isa = PBXBuildFile; fileRef = B3E073DD262C6B1A00E28467 /* SettingsManager.swift */; };
		B3E073E2262C6EE000E28467 /* TabBarController.swift in Sources */ = {isa = PBXBuildFile; fileRef = B3E073E1262C6EE000E28467 /* TabBarController.swift */; };
/* End PBXBuildFile section */

/* Begin PBXFileReference section */
		3B5F3DD72629ED1600B71867 /* GroupApp.app */ = {isa = PBXFileReference; explicitFileType = wrapper.application; includeInIndex = 0; path = GroupApp.app; sourceTree = BUILT_PRODUCTS_DIR; };
		3B5F3DDA2629ED1600B71867 /* AppDelegate.swift */ = {isa = PBXFileReference; lastKnownFileType = sourcecode.swift; path = AppDelegate.swift; sourceTree = "<group>"; };
		3B5F3DDC2629ED1600B71867 /* SceneDelegate.swift */ = {isa = PBXFileReference; lastKnownFileType = sourcecode.swift; path = SceneDelegate.swift; sourceTree = "<group>"; };
		3B5F3DDE2629ED1600B71867 /* ViewController.swift */ = {isa = PBXFileReference; lastKnownFileType = sourcecode.swift; path = ViewController.swift; sourceTree = "<group>"; };
		3B5F3DE12629ED1600B71867 /* Base */ = {isa = PBXFileReference; lastKnownFileType = file.storyboard; name = Base; path = Base.lproj/Main.storyboard; sourceTree = "<group>"; };
		3B5F3DE32629ED1700B71867 /* Assets.xcassets */ = {isa = PBXFileReference; lastKnownFileType = folder.assetcatalog; path = Assets.xcassets; sourceTree = "<group>"; };
		3B5F3DE62629ED1700B71867 /* Base */ = {isa = PBXFileReference; lastKnownFileType = file.storyboard; name = Base; path = Base.lproj/LaunchScreen.storyboard; sourceTree = "<group>"; };
		3B5F3DE82629ED1700B71867 /* Info.plist */ = {isa = PBXFileReference; lastKnownFileType = text.plist.xml; path = Info.plist; sourceTree = "<group>"; };
		B3E073D5262C655800E28467 /* SettingsTableViewController.swift */ = {isa = PBXFileReference; lastKnownFileType = sourcecode.swift; path = SettingsTableViewController.swift; sourceTree = "<group>"; };
		B3E073DA262C6AC000E28467 /* Setting.swift */ = {isa = PBXFileReference; lastKnownFileType = sourcecode.swift; path = Setting.swift; sourceTree = "<group>"; };
		B3E073DD262C6B1A00E28467 /* SettingsManager.swift */ = {isa = PBXFileReference; lastKnownFileType = sourcecode.swift; path = SettingsManager.swift; sourceTree = "<group>"; };
		B3E073E1262C6EE000E28467 /* TabBarController.swift */ = {isa = PBXFileReference; lastKnownFileType = sourcecode.swift; path = TabBarController.swift; sourceTree = "<group>"; };
/* End PBXFileReference section */

/* Begin PBXFrameworksBuildPhase section */
		3B5F3DD42629ED1600B71867 /* Frameworks */ = {
			isa = PBXFrameworksBuildPhase;
			buildActionMask = 2147483647;
			files = (
			);
			runOnlyForDeploymentPostprocessing = 0;
		};
/* End PBXFrameworksBuildPhase section */

/* Begin PBXGroup section */
		3B5F3DCE2629ED1600B71867 = {
			isa = PBXGroup;
			children = (
				3B5F3DD92629ED1600B71867 /* GroupApp */,
				3B5F3DD82629ED1600B71867 /* Products */,
			);
			sourceTree = "<group>";
		};
		3B5F3DD82629ED1600B71867 /* Products */ = {
			isa = PBXGroup;
			children = (
				3B5F3DD72629ED1600B71867 /* GroupApp.app */,
			);
			name = Products;
			sourceTree = "<group>";
		};
		3B5F3DD92629ED1600B71867 /* GroupApp */ = {
			isa = PBXGroup;
			children = (
				B3E073D9262C6AAE00E28467 /* DataManagers */,
				B3E073D8262C6AA600E28467 /* Models */,
				3B5F3DF32629ED6500B71867 /* Supporting */,
				3B5F3DF02629ED4400B71867 /* ViewControllers */,
				3B5F3DEF2629ED3400B71867 /* Storyboards */,
				3B5F3DF22629ED5600B71867 /* Resources */,
			);
			path = GroupApp;
			sourceTree = "<group>";
		};
		3B5F3DEF2629ED3400B71867 /* Storyboards */ = {
			isa = PBXGroup;
			children = (
				3B5F3DE02629ED1600B71867 /* Main.storyboard */,
				3B5F3DE52629ED1700B71867 /* LaunchScreen.storyboard */,
			);
			path = Storyboards;
			sourceTree = "<group>";
		};
		3B5F3DF02629ED4400B71867 /* ViewControllers */ = {
			isa = PBXGroup;
			children = (
				3B5F3DDE2629ED1600B71867 /* ViewController.swift */,
				B3E073D5262C655800E28467 /* SettingsTableViewController.swift */,
				B3E073E1262C6EE000E28467 /* TabBarController.swift */,
			);
			path = ViewControllers;
			sourceTree = "<group>";
		};
		3B5F3DF22629ED5600B71867 /* Resources */ = {
			isa = PBXGroup;
			children = (
				3B5F3DE32629ED1700B71867 /* Assets.xcassets */,
			);
			path = Resources;
			sourceTree = "<group>";
		};
		3B5F3DF32629ED6500B71867 /* Supporting */ = {
			isa = PBXGroup;
			children = (
				3B5F3DDA2629ED1600B71867 /* AppDelegate.swift */,
				3B5F3DDC2629ED1600B71867 /* SceneDelegate.swift */,
				3B5F3DE82629ED1700B71867 /* Info.plist */,
			);
			path = Supporting;
			sourceTree = "<group>";
		};
		B3E073D8262C6AA600E28467 /* Models */ = {
			isa = PBXGroup;
			children = (
				B3E073DA262C6AC000E28467 /* Setting.swift */,
			);
			path = Models;
			sourceTree = "<group>";
		};
		B3E073D9262C6AAE00E28467 /* DataManagers */ = {
			isa = PBXGroup;
			children = (
				B3E073DD262C6B1A00E28467 /* SettingsManager.swift */,
			);
			path = DataManagers;
			sourceTree = "<group>";
		};
/* End PBXGroup section */

/* Begin PBXNativeTarget section */
		3B5F3DD62629ED1600B71867 /* GroupApp */ = {
			isa = PBXNativeTarget;
			buildConfigurationList = 3B5F3DEB2629ED1700B71867 /* Build configuration list for PBXNativeTarget "GroupApp" */;
			buildPhases = (
				3B5F3DD32629ED1600B71867 /* Sources */,
				3B5F3DD42629ED1600B71867 /* Frameworks */,
				3B5F3DD52629ED1600B71867 /* Resources */,
			);
			buildRules = (
			);
			dependencies = (
			);
			name = GroupApp;
			productName = GroupApp;
			productReference = 3B5F3DD72629ED1600B71867 /* GroupApp.app */;
			productType = "com.apple.product-type.application";
		};
/* End PBXNativeTarget section */

/* Begin PBXProject section */
		3B5F3DCF2629ED1600B71867 /* Project object */ = {
			isa = PBXProject;
			attributes = {
				LastSwiftUpdateCheck = 1240;
				LastUpgradeCheck = 1240;
				TargetAttributes = {
					3B5F3DD62629ED1600B71867 = {
						CreatedOnToolsVersion = 12.4;
					};
				};
			};
			buildConfigurationList = 3B5F3DD22629ED1600B71867 /* Build configuration list for PBXProject "GroupApp" */;
			compatibilityVersion = "Xcode 9.3";
			developmentRegion = en;
			hasScannedForEncodings = 0;
			knownRegions = (
				en,
				Base,
			);
			mainGroup = 3B5F3DCE2629ED1600B71867;
			productRefGroup = 3B5F3DD82629ED1600B71867 /* Products */;
			projectDirPath = "";
			projectRoot = "";
			targets = (
				3B5F3DD62629ED1600B71867 /* GroupApp */,
			);
		};
/* End PBXProject section */

/* Begin PBXResourcesBuildPhase section */
		3B5F3DD52629ED1600B71867 /* Resources */ = {
			isa = PBXResourcesBuildPhase;
			buildActionMask = 2147483647;
			files = (
				3B5F3DE72629ED1700B71867 /* LaunchScreen.storyboard in Resources */,
				3B5F3DE42629ED1700B71867 /* Assets.xcassets in Resources */,
				3B5F3DE22629ED1600B71867 /* Main.storyboard in Resources */,
			);
			runOnlyForDeploymentPostprocessing = 0;
		};
/* End PBXResourcesBuildPhase section */

/* Begin PBXSourcesBuildPhase section */
		3B5F3DD32629ED1600B71867 /* Sources */ = {
			isa = PBXSourcesBuildPhase;
			buildActionMask = 2147483647;
			files = (
				B3E073DB262C6AC000E28467 /* Setting.swift in Sources */,
				B3E073D6262C655800E28467 /* SettingsTableViewController.swift in Sources */,
				B3E073DE262C6B1A00E28467 /* SettingsManager.swift in Sources */,
				3B5F3DDF2629ED1600B71867 /* ViewController.swift in Sources */,
				B3E073E2262C6EE000E28467 /* TabBarController.swift in Sources */,
				3B5F3DDB2629ED1600B71867 /* AppDelegate.swift in Sources */,
				3B5F3DDD2629ED1600B71867 /* SceneDelegate.swift in Sources */,
			);
			runOnlyForDeploymentPostprocessing = 0;
		};
/* End PBXSourcesBuildPhase section */

/* Begin PBXVariantGroup section */
		3B5F3DE02629ED1600B71867 /* Main.storyboard */ = {
			isa = PBXVariantGroup;
			children = (
				3B5F3DE12629ED1600B71867 /* Base */,
			);
			name = Main.storyboard;
			sourceTree = "<group>";
		};
		3B5F3DE52629ED1700B71867 /* LaunchScreen.storyboard */ = {
			isa = PBXVariantGroup;
			children = (
				3B5F3DE62629ED1700B71867 /* Base */,
			);
			name = LaunchScreen.storyboard;
			sourceTree = "<group>";
		};
/* End PBXVariantGroup section */

/* Begin XCBuildConfiguration section */
		3B5F3DE92629ED1700B71867 /* Debug */ = {
			isa = XCBuildConfiguration;
			buildSettings = {
				ALWAYS_SEARCH_USER_PATHS = NO;
				CLANG_ANALYZER_NONNULL = YES;
				CLANG_ANALYZER_NUMBER_OBJECT_CONVERSION = YES_AGGRESSIVE;
				CLANG_CXX_LANGUAGE_STANDARD = "gnu++14";
				CLANG_CXX_LIBRARY = "libc++";
				CLANG_ENABLE_MODULES = YES;
				CLANG_ENABLE_OBJC_ARC = YES;
				CLANG_ENABLE_OBJC_WEAK = YES;
				CLANG_WARN_BLOCK_CAPTURE_AUTORELEASING = YES;
				CLANG_WARN_BOOL_CONVERSION = YES;
				CLANG_WARN_COMMA = YES;
				CLANG_WARN_CONSTANT_CONVERSION = YES;
				CLANG_WARN_DEPRECATED_OBJC_IMPLEMENTATIONS = YES;
				CLANG_WARN_DIRECT_OBJC_ISA_USAGE = YES_ERROR;
				CLANG_WARN_DOCUMENTATION_COMMENTS = YES;
				CLANG_WARN_EMPTY_BODY = YES;
				CLANG_WARN_ENUM_CONVERSION = YES;
				CLANG_WARN_INFINITE_RECURSION = YES;
				CLANG_WARN_INT_CONVERSION = YES;
				CLANG_WARN_NON_LITERAL_NULL_CONVERSION = YES;
				CLANG_WARN_OBJC_IMPLICIT_RETAIN_SELF = YES;
				CLANG_WARN_OBJC_LITERAL_CONVERSION = YES;
				CLANG_WARN_OBJC_ROOT_CLASS = YES_ERROR;
				CLANG_WARN_QUOTED_INCLUDE_IN_FRAMEWORK_HEADER = YES;
				CLANG_WARN_RANGE_LOOP_ANALYSIS = YES;
				CLANG_WARN_STRICT_PROTOTYPES = YES;
				CLANG_WARN_SUSPICIOUS_MOVE = YES;
				CLANG_WARN_UNGUARDED_AVAILABILITY = YES_AGGRESSIVE;
				CLANG_WARN_UNREACHABLE_CODE = YES;
				CLANG_WARN__DUPLICATE_METHOD_MATCH = YES;
				COPY_PHASE_STRIP = NO;
				DEBUG_INFORMATION_FORMAT = dwarf;
				ENABLE_STRICT_OBJC_MSGSEND = YES;
				ENABLE_TESTABILITY = YES;
				GCC_C_LANGUAGE_STANDARD = gnu11;
				GCC_DYNAMIC_NO_PIC = NO;
				GCC_NO_COMMON_BLOCKS = YES;
				GCC_OPTIMIZATION_LEVEL = 0;
				GCC_PREPROCESSOR_DEFINITIONS = (
					"DEBUG=1",
					"$(inherited)",
				);
				GCC_WARN_64_TO_32_BIT_CONVERSION = YES;
				GCC_WARN_ABOUT_RETURN_TYPE = YES_ERROR;
				GCC_WARN_UNDECLARED_SELECTOR = YES;
				GCC_WARN_UNINITIALIZED_AUTOS = YES_AGGRESSIVE;
				GCC_WARN_UNUSED_FUNCTION = YES;
				GCC_WARN_UNUSED_VARIABLE = YES;
				IPHONEOS_DEPLOYMENT_TARGET = 14.4;
				MTL_ENABLE_DEBUG_INFO = INCLUDE_SOURCE;
				MTL_FAST_MATH = YES;
				ONLY_ACTIVE_ARCH = YES;
				SDKROOT = iphoneos;
				SWIFT_ACTIVE_COMPILATION_CONDITIONS = DEBUG;
				SWIFT_OPTIMIZATION_LEVEL = "-Onone";
			};
			name = Debug;
		};
		3B5F3DEA2629ED1700B71867 /* Release */ = {
			isa = XCBuildConfiguration;
			buildSettings = {
				ALWAYS_SEARCH_USER_PATHS = NO;
				CLANG_ANALYZER_NONNULL = YES;
				CLANG_ANALYZER_NUMBER_OBJECT_CONVERSION = YES_AGGRESSIVE;
				CLANG_CXX_LANGUAGE_STANDARD = "gnu++14";
				CLANG_CXX_LIBRARY = "libc++";
				CLANG_ENABLE_MODULES = YES;
				CLANG_ENABLE_OBJC_ARC = YES;
				CLANG_ENABLE_OBJC_WEAK = YES;
				CLANG_WARN_BLOCK_CAPTURE_AUTORELEASING = YES;
				CLANG_WARN_BOOL_CONVERSION = YES;
				CLANG_WARN_COMMA = YES;
				CLANG_WARN_CONSTANT_CONVERSION = YES;
				CLANG_WARN_DEPRECATED_OBJC_IMPLEMENTATIONS = YES;
				CLANG_WARN_DIRECT_OBJC_ISA_USAGE = YES_ERROR;
				CLANG_WARN_DOCUMENTATION_COMMENTS = YES;
				CLANG_WARN_EMPTY_BODY = YES;
				CLANG_WARN_ENUM_CONVERSION = YES;
				CLANG_WARN_INFINITE_RECURSION = YES;
				CLANG_WARN_INT_CONVERSION = YES;
				CLANG_WARN_NON_LITERAL_NULL_CONVERSION = YES;
				CLANG_WARN_OBJC_IMPLICIT_RETAIN_SELF = YES;
				CLANG_WARN_OBJC_LITERAL_CONVERSION = YES;
				CLANG_WARN_OBJC_ROOT_CLASS = YES_ERROR;
				CLANG_WARN_QUOTED_INCLUDE_IN_FRAMEWORK_HEADER = YES;
				CLANG_WARN_RANGE_LOOP_ANALYSIS = YES;
				CLANG_WARN_STRICT_PROTOTYPES = YES;
				CLANG_WARN_SUSPICIOUS_MOVE = YES;
				CLANG_WARN_UNGUARDED_AVAILABILITY = YES_AGGRESSIVE;
				CLANG_WARN_UNREACHABLE_CODE = YES;
				CLANG_WARN__DUPLICATE_METHOD_MATCH = YES;
				COPY_PHASE_STRIP = NO;
				DEBUG_INFORMATION_FORMAT = "dwarf-with-dsym";
				ENABLE_NS_ASSERTIONS = NO;
				ENABLE_STRICT_OBJC_MSGSEND = YES;
				GCC_C_LANGUAGE_STANDARD = gnu11;
				GCC_NO_COMMON_BLOCKS = YES;
				GCC_WARN_64_TO_32_BIT_CONVERSION = YES;
				GCC_WARN_ABOUT_RETURN_TYPE = YES_ERROR;
				GCC_WARN_UNDECLARED_SELECTOR = YES;
				GCC_WARN_UNINITIALIZED_AUTOS = YES_AGGRESSIVE;
				GCC_WARN_UNUSED_FUNCTION = YES;
				GCC_WARN_UNUSED_VARIABLE = YES;
				IPHONEOS_DEPLOYMENT_TARGET = 14.4;
				MTL_ENABLE_DEBUG_INFO = NO;
				MTL_FAST_MATH = YES;
				SDKROOT = iphoneos;
				SWIFT_COMPILATION_MODE = wholemodule;
				SWIFT_OPTIMIZATION_LEVEL = "-O";
				VALIDATE_PRODUCT = YES;
			};
			name = Release;
		};
		3B5F3DEC2629ED1700B71867 /* Debug */ = {
			isa = XCBuildConfiguration;
			buildSettings = {
				ASSETCATALOG_COMPILER_APPICON_NAME = AppIcon;
				ASSETCATALOG_COMPILER_GLOBAL_ACCENT_COLOR_NAME = AccentColor;
				CODE_SIGN_STYLE = Automatic;
				DEVELOPMENT_TEAM = RQ3F7K5P3Y;
				INFOPLIST_FILE = GroupApp/Supporting/Info.plist;
				LD_RUNPATH_SEARCH_PATHS = (
					"$(inherited)",
					"@executable_path/Frameworks",
				);
				PRODUCT_BUNDLE_IDENTIFIER = ru.swiftbook.GroupApp;
				PRODUCT_NAME = "$(TARGET_NAME)";
				SWIFT_VERSION = 5.0;
				TARGETED_DEVICE_FAMILY = "1,2";
			};
			name = Debug;
		};
		3B5F3DED2629ED1700B71867 /* Release */ = {
			isa = XCBuildConfiguration;
			buildSettings = {
				ASSETCATALOG_COMPILER_APPICON_NAME = AppIcon;
				ASSETCATALOG_COMPILER_GLOBAL_ACCENT_COLOR_NAME = AccentColor;
				CODE_SIGN_STYLE = Automatic;
				DEVELOPMENT_TEAM = RQ3F7K5P3Y;
				INFOPLIST_FILE = GroupApp/Supporting/Info.plist;
				LD_RUNPATH_SEARCH_PATHS = (
					"$(inherited)",
					"@executable_path/Frameworks",
				);
				PRODUCT_BUNDLE_IDENTIFIER = ru.swiftbook.GroupApp;
				PRODUCT_NAME = "$(TARGET_NAME)";
				SWIFT_VERSION = 5.0;
				TARGETED_DEVICE_FAMILY = "1,2";
			};
			name = Release;
		};
/* End XCBuildConfiguration section */

/* Begin XCConfigurationList section */
		3B5F3DD22629ED1600B71867 /* Build configuration list for PBXProject "GroupApp" */ = {
			isa = XCConfigurationList;
			buildConfigurations = (
				3B5F3DE92629ED1700B71867 /* Debug */,
				3B5F3DEA2629ED1700B71867 /* Release */,
			);
			defaultConfigurationIsVisible = 0;
			defaultConfigurationName = Release;
		};
		3B5F3DEB2629ED1700B71867 /* Build configuration list for PBXNativeTarget "GroupApp" */ = {
			isa = XCConfigurationList;
			buildConfigurations = (
				3B5F3DEC2629ED1700B71867 /* Debug */,
				3B5F3DED2629ED1700B71867 /* Release */,
			);
			defaultConfigurationIsVisible = 0;
			defaultConfigurationName = Release;
		};
/* End XCConfigurationList section */
	};
	rootObject = 3B5F3DCF2629ED1600B71867 /* Project object */;
}
